<?xml version="1.0" encoding="UTF-8"?>
<Project ToolsVersion="14.0" xmlns="http://schemas.microsoft.com/developer/msbuild/2003">
  <ItemGroup>
    <CustomBuild Include="Y:\Documents\work-ubuntu\rpcz-master\build-win\CMakeFiles\0168d6697748acc9de718ea72599e349\RUN_TESTS_force.rule">
      <Filter>CMake Rules</Filter>
    </CustomBuild>
  </ItemGroup>
  <ItemGroup>
    <Filter Include="CMake Rules">
      <UniqueIdentifier>{48F85F9B-8CBF-38A7-B4AC-536F93EFEB2C}</UniqueIdentifier>
    </Filter>
  </ItemGroup>
</Project>
