<?xml version="1.0" encoding="UTF-8"?>
<Project ToolsVersion="14.0" xmlns="http://schemas.microsoft.com/developer/msbuild/2003">
  <ItemGroup>
    <ClCompile Include="Y:\Documents\work-ubuntu\rpcz-master\build-win\examples\cpp\search.pb.cc">
      <Filter>Source Files</Filter>
    </ClCompile>
    <ClCompile Include="Y:\Documents\work-ubuntu\rpcz-master\build-win\examples\cpp\search.rpcz.cc">
      <Filter>Source Files</Filter>
    </ClCompile>
  </ItemGroup>
  <ItemGroup>
    <ClInclude Include="Y:\Documents\work-ubuntu\rpcz-master\build-win\examples\cpp\search.pb.h">
      <Filter>Header Files</Filter>
    </ClInclude>
    <ClInclude Include="Y:\Documents\work-ubuntu\rpcz-master\build-win\examples\cpp\search.rpcz.h">
      <Filter>Header Files</Filter>
    </ClInclude>
  </ItemGroup>
  <ItemGroup>
    <CustomBuild Include="Y:\Documents\work-ubuntu\rpcz-master\examples\cpp\CMakeLists.txt" />
    <CustomBuild Include="Y:\Documents\work-ubuntu\rpcz-master\build-win\CMakeFiles\a5fdf40adb11651d666e13d92fece7f6\search.pb.cc.rule">
      <Filter>CMake Rules</Filter>
    </CustomBuild>
    <CustomBuild Include="Y:\Documents\work-ubuntu\rpcz-master\build-win\CMakeFiles\a5fdf40adb11651d666e13d92fece7f6\search.rpcz.cc.rule">
      <Filter>CMake Rules</Filter>
    </CustomBuild>
  </ItemGroup>
  <ItemGroup>
    <Filter Include="Source Files">
      <UniqueIdentifier>{033CC141-3066-35FC-AC1A-0462FEE0A0C4}</UniqueIdentifier>
    </Filter>
    <Filter Include="Header Files">
      <UniqueIdentifier>{7C6C5934-CDAF-39C8-8688-85B5D9873A3B}</UniqueIdentifier>
    </Filter>
    <Filter Include="CMake Rules">
      <UniqueIdentifier>{48F85F9B-8CBF-38A7-B4AC-536F93EFEB2C}</UniqueIdentifier>
    </Filter>
  </ItemGroup>
</Project>
