Microsoft Visual Studio Solution File, Format Version 12.00
# Visual Studio 14
Project("{8BC9CEB8-8B4A-11D0-8D11-00A0C91BC942}") = "ALL_BUILD", "ALL_BUILD.vcxproj", "{11C53F0A-8D63-3EB8-8169-9306F534F253}"
	ProjectSection(ProjectDependencies) = postProject
		{0569B449-062D-31ED-A824-6C260020A77A} = {0569B449-062D-31ED-A824-6C260020A77A}
		{E41544D1-4ACC-325C-A6B9-51F8E8E8F43D} = {E41544D1-4ACC-325C-A6B9-51F8E8E8F43D}
		{213B317E-A61B-3E0B-B22B-40CA33229598} = {213B317E-A61B-3E0B-B22B-40CA33229598}
		{CDA2E17A-09C4-3DE7-8529-98D12543D992} = {CDA2E17A-09C4-3DE7-8529-98D12543D992}
		{41FB38EE-FA07-3ACC-8D04-BA3B1A8BB474} = {41FB38EE-FA07-3ACC-8D04-BA3B1A8BB474}
		{CE2C5DED-1695-30B7-886B-AB839052769F} = {CE2C5DED-1695-30B7-886B-AB839052769F}
		{AB07074D-E5E2-3C73-88F0-153698CBF7C3} = {AB07074D-E5E2-3C73-88F0-153698CBF7C3}
		{8BC693A6-C5C9-3091-AB9B-9B5426858122} = {8BC693A6-C5C9-3091-AB9B-9B5426858122}
		{90EDEC02-77C4-36FB-8BDF-BD462697ECDE} = {90EDEC02-77C4-36FB-8BDF-BD462697ECDE}
		{8CACE56C-5D9C-34DB-AE32-3BD8A0E156DC} = {8CACE56C-5D9C-34DB-AE32-3BD8A0E156DC}
		{CAC038B5-7E77-386F-A3F4-88A4633BB4A0} = {CAC038B5-7E77-386F-A3F4-88A4633BB4A0}
		{A6D43FA7-53BD-3906-8C19-62D2135498E7} = {A6D43FA7-53BD-3906-8C19-62D2135498E7}
		{DCFCCD6A-14C6-371D-A997-7FBB2C4CA727} = {DCFCCD6A-14C6-371D-A997-7FBB2C4CA727}
		{1C16D441-978E-3E39-923D-E084CACAD356} = {1C16D441-978E-3E39-923D-E084CACAD356}
		{88E55D1A-F907-364A-8B1E-77A9B868FCC9} = {88E55D1A-F907-364A-8B1E-77A9B868FCC9}
		{97262A85-E2FD-31EA-A902-EBE4288648B4} = {97262A85-E2FD-31EA-A902-EBE4288648B4}
		{6695B3DF-2CBC-386D-BC76-0C78F7951EE4} = {6695B3DF-2CBC-386D-BC76-0C78F7951EE4}
	EndProjectSection
EndProject
Project("{8BC9CEB8-8B4A-11D0-8D11-00A0C91BC942}") = "GLog", "test\GLog.vcxproj", "{0569B449-062D-31ED-A824-6C260020A77A}"
	ProjectSection(ProjectDependencies) = postProject
		{213B317E-A61B-3E0B-B22B-40CA33229598} = {213B317E-A61B-3E0B-B22B-40CA33229598}
	EndProjectSection
EndProject
Project("{8BC9CEB8-8B4A-11D0-8D11-00A0C91BC942}") = "GTest", "test\GTest.vcxproj", "{E41544D1-4ACC-325C-A6B9-51F8E8E8F43D}"
	ProjectSection(ProjectDependencies) = postProject
		{213B317E-A61B-3E0B-B22B-40CA33229598} = {213B317E-A61B-3E0B-B22B-40CA33229598}
	EndProjectSection
EndProject
Project("{8BC9CEB8-8B4A-11D0-8D11-00A0C91BC942}") = "INSTALL", "INSTALL.vcxproj", "{A414DFCC-C574-3908-A470-11495F1A80B7}"
	ProjectSection(ProjectDependencies) = postProject
		{11C53F0A-8D63-3EB8-8169-9306F534F253} = {11C53F0A-8D63-3EB8-8169-9306F534F253}
		{213B317E-A61B-3E0B-B22B-40CA33229598} = {213B317E-A61B-3E0B-B22B-40CA33229598}
	EndProjectSection
EndProject
Project("{8BC9CEB8-8B4A-11D0-8D11-00A0C91BC942}") = "PACKAGE", "PACKAGE.vcxproj", "{7BC242D1-A90E-3FF1-925B-33D9A7F5CB01}"
	ProjectSection(ProjectDependencies) = postProject
		{11C53F0A-8D63-3EB8-8169-9306F534F253} = {11C53F0A-8D63-3EB8-8169-9306F534F253}
		{213B317E-A61B-3E0B-B22B-40CA33229598} = {213B317E-A61B-3E0B-B22B-40CA33229598}
	EndProjectSection
EndProject
Project("{8BC9CEB8-8B4A-11D0-8D11-00A0C91BC942}") = "RUN_TESTS", "RUN_TESTS.vcxproj", "{BB282C9F-7B9F-372B-A729-D0D8E2B5DF47}"
	ProjectSection(ProjectDependencies) = postProject
		{213B317E-A61B-3E0B-B22B-40CA33229598} = {213B317E-A61B-3E0B-B22B-40CA33229598}
	EndProjectSection
EndProject
Project("{8BC9CEB8-8B4A-11D0-8D11-00A0C91BC942}") = "ZERO_CHECK", "ZERO_CHECK.vcxproj", "{213B317E-A61B-3E0B-B22B-40CA33229598}"
	ProjectSection(ProjectDependencies) = postProject
	EndProjectSection
EndProject
Project("{8BC9CEB8-8B4A-11D0-8D11-00A0C91BC942}") = "_force_python_protos", "test\proto\_force_python_protos.vcxproj", "{CDA2E17A-09C4-3DE7-8529-98D12543D992}"
	ProjectSection(ProjectDependencies) = postProject
		{213B317E-A61B-3E0B-B22B-40CA33229598} = {213B317E-A61B-3E0B-B22B-40CA33229598}
	EndProjectSection
EndProject
Project("{8BC9CEB8-8B4A-11D0-8D11-00A0C91BC942}") = "application_test", "test\application_test.vcxproj", "{41FB38EE-FA07-3ACC-8D04-BA3B1A8BB474}"
	ProjectSection(ProjectDependencies) = postProject
		{213B317E-A61B-3E0B-B22B-40CA33229598} = {213B317E-A61B-3E0B-B22B-40CA33229598}
		{1C16D441-978E-3E39-923D-E084CACAD356} = {1C16D441-978E-3E39-923D-E084CACAD356}
		{88E55D1A-F907-364A-8B1E-77A9B868FCC9} = {88E55D1A-F907-364A-8B1E-77A9B868FCC9}
		{97262A85-E2FD-31EA-A902-EBE4288648B4} = {97262A85-E2FD-31EA-A902-EBE4288648B4}
	EndProjectSection
EndProject
Project("{8BC9CEB8-8B4A-11D0-8D11-00A0C91BC942}") = "callback_test", "test\callback_test.vcxproj", "{CE2C5DED-1695-30B7-886B-AB839052769F}"
	ProjectSection(ProjectDependencies) = postProject
		{213B317E-A61B-3E0B-B22B-40CA33229598} = {213B317E-A61B-3E0B-B22B-40CA33229598}
		{1C16D441-978E-3E39-923D-E084CACAD356} = {1C16D441-978E-3E39-923D-E084CACAD356}
		{88E55D1A-F907-364A-8B1E-77A9B868FCC9} = {88E55D1A-F907-364A-8B1E-77A9B868FCC9}
	EndProjectSection
EndProject
Project("{8BC9CEB8-8B4A-11D0-8D11-00A0C91BC942}") = "client_server_test", "test\client_server_test.vcxproj", "{AB07074D-E5E2-3C73-88F0-153698CBF7C3}"
	ProjectSection(ProjectDependencies) = postProject
		{213B317E-A61B-3E0B-B22B-40CA33229598} = {213B317E-A61B-3E0B-B22B-40CA33229598}
		{1C16D441-978E-3E39-923D-E084CACAD356} = {1C16D441-978E-3E39-923D-E084CACAD356}
		{88E55D1A-F907-364A-8B1E-77A9B868FCC9} = {88E55D1A-F907-364A-8B1E-77A9B868FCC9}
		{97262A85-E2FD-31EA-A902-EBE4288648B4} = {97262A85-E2FD-31EA-A902-EBE4288648B4}
	EndProjectSection
EndProject
Project("{8BC9CEB8-8B4A-11D0-8D11-00A0C91BC942}") = "connection_manager_test", "test\connection_manager_test.vcxproj", "{8BC693A6-C5C9-3091-AB9B-9B5426858122}"
	ProjectSection(ProjectDependencies) = postProject
		{213B317E-A61B-3E0B-B22B-40CA33229598} = {213B317E-A61B-3E0B-B22B-40CA33229598}
		{1C16D441-978E-3E39-923D-E084CACAD356} = {1C16D441-978E-3E39-923D-E084CACAD356}
		{88E55D1A-F907-364A-8B1E-77A9B868FCC9} = {88E55D1A-F907-364A-8B1E-77A9B868FCC9}
	EndProjectSection
EndProject
Project("{8BC9CEB8-8B4A-11D0-8D11-00A0C91BC942}") = "example_client", "examples\cpp\example_client.vcxproj", "{90EDEC02-77C4-36FB-8BDF-BD462697ECDE}"
	ProjectSection(ProjectDependencies) = postProject
		{213B317E-A61B-3E0B-B22B-40CA33229598} = {213B317E-A61B-3E0B-B22B-40CA33229598}
		{8CACE56C-5D9C-34DB-AE32-3BD8A0E156DC} = {8CACE56C-5D9C-34DB-AE32-3BD8A0E156DC}
		{1C16D441-978E-3E39-923D-E084CACAD356} = {1C16D441-978E-3E39-923D-E084CACAD356}
	EndProjectSection
EndProject
Project("{8BC9CEB8-8B4A-11D0-8D11-00A0C91BC942}") = "example_pb", "examples\cpp\example_pb.vcxproj", "{8CACE56C-5D9C-34DB-AE32-3BD8A0E156DC}"
	ProjectSection(ProjectDependencies) = postProject
		{213B317E-A61B-3E0B-B22B-40CA33229598} = {213B317E-A61B-3E0B-B22B-40CA33229598}
	EndProjectSection
EndProject
Project("{8BC9CEB8-8B4A-11D0-8D11-00A0C91BC942}") = "example_server", "examples\cpp\example_server.vcxproj", "{CAC038B5-7E77-386F-A3F4-88A4633BB4A0}"
	ProjectSection(ProjectDependencies) = postProject
		{213B317E-A61B-3E0B-B22B-40CA33229598} = {213B317E-A61B-3E0B-B22B-40CA33229598}
		{8CACE56C-5D9C-34DB-AE32-3BD8A0E156DC} = {8CACE56C-5D9C-34DB-AE32-3BD8A0E156DC}
		{1C16D441-978E-3E39-923D-E084CACAD356} = {1C16D441-978E-3E39-923D-E084CACAD356}
	EndProjectSection
EndProject
Project("{8BC9CEB8-8B4A-11D0-8D11-00A0C91BC942}") = "protoc-gen-cpp_rpcz", "src\rpcz\plugin\cpp\protoc-gen-cpp_rpcz.vcxproj", "{A6D43FA7-53BD-3906-8C19-62D2135498E7}"
	ProjectSection(ProjectDependencies) = postProject
		{213B317E-A61B-3E0B-B22B-40CA33229598} = {213B317E-A61B-3E0B-B22B-40CA33229598}
	EndProjectSection
EndProject
Project("{8BC9CEB8-8B4A-11D0-8D11-00A0C91BC942}") = "protoc-gen-python_rpcz", "src\rpcz\plugin\python\protoc-gen-python_rpcz.vcxproj", "{DCFCCD6A-14C6-371D-A997-7FBB2C4CA727}"
	ProjectSection(ProjectDependencies) = postProject
		{213B317E-A61B-3E0B-B22B-40CA33229598} = {213B317E-A61B-3E0B-B22B-40CA33229598}
	EndProjectSection
EndProject
Project("{8BC9CEB8-8B4A-11D0-8D11-00A0C91BC942}") = "rpcz", "src\rpcz\rpcz.vcxproj", "{1C16D441-978E-3E39-923D-E084CACAD356}"
	ProjectSection(ProjectDependencies) = postProject
		{213B317E-A61B-3E0B-B22B-40CA33229598} = {213B317E-A61B-3E0B-B22B-40CA33229598}
	EndProjectSection
EndProject
Project("{8BC9CEB8-8B4A-11D0-8D11-00A0C91BC942}") = "rpcz_gtest_main", "test\rpcz_gtest_main.vcxproj", "{88E55D1A-F907-364A-8B1E-77A9B868FCC9}"
	ProjectSection(ProjectDependencies) = postProject
		{213B317E-A61B-3E0B-B22B-40CA33229598} = {213B317E-A61B-3E0B-B22B-40CA33229598}
	EndProjectSection
EndProject
Project("{8BC9CEB8-8B4A-11D0-8D11-00A0C91BC942}") = "search_pb", "test\proto\search_pb.vcxproj", "{97262A85-E2FD-31EA-A902-EBE4288648B4}"
	ProjectSection(ProjectDependencies) = postProject
		{213B317E-A61B-3E0B-B22B-40CA33229598} = {213B317E-A61B-3E0B-B22B-40CA33229598}
	EndProjectSection
EndProject
Project("{8BC9CEB8-8B4A-11D0-8D11-00A0C91BC942}") = "zsendrpc", "src\rpcz\zsendrpc.vcxproj", "{6695B3DF-2CBC-386D-BC76-0C78F7951EE4}"
	ProjectSection(ProjectDependencies) = postProject
		{213B317E-A61B-3E0B-B22B-40CA33229598} = {213B317E-A61B-3E0B-B22B-40CA33229598}
		{1C16D441-978E-3E39-923D-E084CACAD356} = {1C16D441-978E-3E39-923D-E084CACAD356}
	EndProjectSection
EndProject
Global
	GlobalSection(SolutionConfigurationPlatforms) = preSolution
		Debug|Win32 = Debug|Win32
		Release|Win32 = Release|Win32
	EndGlobalSection
	GlobalSection(ProjectConfigurationPlatforms) = postSolution
		{11C53F0A-8D63-3EB8-8169-9306F534F253}.Debug|Win32.ActiveCfg = Debug|Win32
		{11C53F0A-8D63-3EB8-8169-9306F534F253}.Debug|Win32.Build.0 = Debug|Win32
		{11C53F0A-8D63-3EB8-8169-9306F534F253}.Release|Win32.ActiveCfg = Release|Win32
		{11C53F0A-8D63-3EB8-8169-9306F534F253}.Release|Win32.Build.0 = Release|Win32
		{0569B449-062D-31ED-A824-6C260020A77A}.Debug|Win32.ActiveCfg = Debug|Win32
		{0569B449-062D-31ED-A824-6C260020A77A}.Debug|Win32.Build.0 = Debug|Win32
		{0569B449-062D-31ED-A824-6C260020A77A}.Release|Win32.ActiveCfg = Release|Win32
		{0569B449-062D-31ED-A824-6C260020A77A}.Release|Win32.Build.0 = Release|Win32
		{E41544D1-4ACC-325C-A6B9-51F8E8E8F43D}.Debug|Win32.ActiveCfg = Debug|Win32
		{E41544D1-4ACC-325C-A6B9-51F8E8E8F43D}.Debug|Win32.Build.0 = Debug|Win32
		{E41544D1-4ACC-325C-A6B9-51F8E8E8F43D}.Release|Win32.ActiveCfg = Release|Win32
		{E41544D1-4ACC-325C-A6B9-51F8E8E8F43D}.Release|Win32.Build.0 = Release|Win32
		{A414DFCC-C574-3908-A470-11495F1A80B7}.Debug|Win32.ActiveCfg = Debug|Win32
		{A414DFCC-C574-3908-A470-11495F1A80B7}.Release|Win32.ActiveCfg = Release|Win32
		{7BC242D1-A90E-3FF1-925B-33D9A7F5CB01}.Debug|Win32.ActiveCfg = Debug|Win32
		{7BC242D1-A90E-3FF1-925B-33D9A7F5CB01}.Release|Win32.ActiveCfg = Release|Win32
		{BB282C9F-7B9F-372B-A729-D0D8E2B5DF47}.Debug|Win32.ActiveCfg = Debug|Win32
		{BB282C9F-7B9F-372B-A729-D0D8E2B5DF47}.Release|Win32.ActiveCfg = Release|Win32
		{213B317E-A61B-3E0B-B22B-40CA33229598}.Debug|Win32.ActiveCfg = Debug|Win32
		{213B317E-A61B-3E0B-B22B-40CA33229598}.Debug|Win32.Build.0 = Debug|Win32
		{213B317E-A61B-3E0B-B22B-40CA33229598}.Release|Win32.ActiveCfg = Release|Win32
		{213B317E-A61B-3E0B-B22B-40CA33229598}.Release|Win32.Build.0 = Release|Win32
		{CDA2E17A-09C4-3DE7-8529-98D12543D992}.Debug|Win32.ActiveCfg = Debug|Win32
		{CDA2E17A-09C4-3DE7-8529-98D12543D992}.Debug|Win32.Build.0 = Debug|Win32
		{CDA2E17A-09C4-3DE7-8529-98D12543D992}.Release|Win32.ActiveCfg = Release|Win32
		{CDA2E17A-09C4-3DE7-8529-98D12543D992}.Release|Win32.Build.0 = Release|Win32
		{41FB38EE-FA07-3ACC-8D04-BA3B1A8BB474}.Debug|Win32.ActiveCfg = Debug|Win32
		{41FB38EE-FA07-3ACC-8D04-BA3B1A8BB474}.Debug|Win32.Build.0 = Debug|Win32
		{41FB38EE-FA07-3ACC-8D04-BA3B1A8BB474}.Release|Win32.ActiveCfg = Release|Win32
		{41FB38EE-FA07-3ACC-8D04-BA3B1A8BB474}.Release|Win32.Build.0 = Release|Win32
		{CE2C5DED-1695-30B7-886B-AB839052769F}.Debug|Win32.ActiveCfg = Debug|Win32
		{CE2C5DED-1695-30B7-886B-AB839052769F}.Debug|Win32.Build.0 = Debug|Win32
		{CE2C5DED-1695-30B7-886B-AB839052769F}.Release|Win32.ActiveCfg = Release|Win32
		{CE2C5DED-1695-30B7-886B-AB839052769F}.Release|Win32.Build.0 = Release|Win32
		{AB07074D-E5E2-3C73-88F0-153698CBF7C3}.Debug|Win32.ActiveCfg = Debug|Win32
		{AB07074D-E5E2-3C73-88F0-153698CBF7C3}.Debug|Win32.Build.0 = Debug|Win32
		{AB07074D-E5E2-3C73-88F0-153698CBF7C3}.Release|Win32.ActiveCfg = Release|Win32
		{AB07074D-E5E2-3C73-88F0-153698CBF7C3}.Release|Win32.Build.0 = Release|Win32
		{8BC693A6-C5C9-3091-AB9B-9B5426858122}.Debug|Win32.ActiveCfg = Debug|Win32
		{8BC693A6-C5C9-3091-AB9B-9B5426858122}.Debug|Win32.Build.0 = Debug|Win32
		{8BC693A6-C5C9-3091-AB9B-9B5426858122}.Release|Win32.ActiveCfg = Release|Win32
		{8BC693A6-C5C9-3091-AB9B-9B5426858122}.Release|Win32.Build.0 = Release|Win32
		{90EDEC02-77C4-36FB-8BDF-BD462697ECDE}.Debug|Win32.ActiveCfg = Debug|Win32
		{90EDEC02-77C4-36FB-8BDF-BD462697ECDE}.Debug|Win32.Build.0 = Debug|Win32
		{90EDEC02-77C4-36FB-8BDF-BD462697ECDE}.Release|Win32.ActiveCfg = Release|Win32
		{90EDEC02-77C4-36FB-8BDF-BD462697ECDE}.Release|Win32.Build.0 = Release|Win32
		{8CACE56C-5D9C-34DB-AE32-3BD8A0E156DC}.Debug|Win32.ActiveCfg = Debug|Win32
		{8CACE56C-5D9C-34DB-AE32-3BD8A0E156DC}.Debug|Win32.Build.0 = Debug|Win32
		{8CACE56C-5D9C-34DB-AE32-3BD8A0E156DC}.Release|Win32.ActiveCfg = Release|Win32
		{8CACE56C-5D9C-34DB-AE32-3BD8A0E156DC}.Release|Win32.Build.0 = Release|Win32
		{CAC038B5-7E77-386F-A3F4-88A4633BB4A0}.Debug|Win32.ActiveCfg = Debug|Win32
		{CAC038B5-7E77-386F-A3F4-88A4633BB4A0}.Debug|Win32.Build.0 = Debug|Win32
		{CAC038B5-7E77-386F-A3F4-88A4633BB4A0}.Release|Win32.ActiveCfg = Release|Win32
		{CAC038B5-7E77-386F-A3F4-88A4633BB4A0}.Release|Win32.Build.0 = Release|Win32
		{A6D43FA7-53BD-3906-8C19-62D2135498E7}.Debug|Win32.ActiveCfg = Debug|Win32
		{A6D43FA7-53BD-3906-8C19-62D2135498E7}.Debug|Win32.Build.0 = Debug|Win32
		{A6D43FA7-53BD-3906-8C19-62D2135498E7}.Release|Win32.ActiveCfg = Release|Win32
		{A6D43FA7-53BD-3906-8C19-62D2135498E7}.Release|Win32.Build.0 = Release|Win32
		{DCFCCD6A-14C6-371D-A997-7FBB2C4CA727}.Debug|Win32.ActiveCfg = Debug|Win32
		{DCFCCD6A-14C6-371D-A997-7FBB2C4CA727}.Debug|Win32.Build.0 = Debug|Win32
		{DCFCCD6A-14C6-371D-A997-7FBB2C4CA727}.Release|Win32.ActiveCfg = Release|Win32
		{DCFCCD6A-14C6-371D-A997-7FBB2C4CA727}.Release|Win32.Build.0 = Release|Win32
		{1C16D441-978E-3E39-923D-E084CACAD356}.Debug|Win32.ActiveCfg = Debug|Win32
		{1C16D441-978E-3E39-923D-E084CACAD356}.Debug|Win32.Build.0 = Debug|Win32
		{1C16D441-978E-3E39-923D-E084CACAD356}.Release|Win32.ActiveCfg = Release|Win32
		{1C16D441-978E-3E39-923D-E084CACAD356}.Release|Win32.Build.0 = Release|Win32
		{88E55D1A-F907-364A-8B1E-77A9B868FCC9}.Debug|Win32.ActiveCfg = Debug|Win32
		{88E55D1A-F907-364A-8B1E-77A9B868FCC9}.Debug|Win32.Build.0 = Debug|Win32
		{88E55D1A-F907-364A-8B1E-77A9B868FCC9}.Release|Win32.ActiveCfg = Release|Win32
		{88E55D1A-F907-364A-8B1E-77A9B868FCC9}.Release|Win32.Build.0 = Release|Win32
		{97262A85-E2FD-31EA-A902-EBE4288648B4}.Debug|Win32.ActiveCfg = Debug|Win32
		{97262A85-E2FD-31EA-A902-EBE4288648B4}.Debug|Win32.Build.0 = Debug|Win32
		{97262A85-E2FD-31EA-A902-EBE4288648B4}.Release|Win32.ActiveCfg = Release|Win32
		{97262A85-E2FD-31EA-A902-EBE4288648B4}.Release|Win32.Build.0 = Release|Win32
		{6695B3DF-2CBC-386D-BC76-0C78F7951EE4}.Debug|Win32.ActiveCfg = Debug|Win32
		{6695B3DF-2CBC-386D-BC76-0C78F7951EE4}.Debug|Win32.Build.0 = Debug|Win32
		{6695B3DF-2CBC-386D-BC76-0C78F7951EE4}.Release|Win32.ActiveCfg = Release|Win32
		{6695B3DF-2CBC-386D-BC76-0C78F7951EE4}.Release|Win32.Build.0 = Release|Win32
	EndGlobalSection
	GlobalSection(ExtensibilityGlobals) = postSolution
	EndGlobalSection
	GlobalSection(ExtensibilityAddIns) = postSolution
	EndGlobalSection
EndGlobal
