Microsoft Visual Studio Solution File, Format Version 12.00
# Visual Studio 14
Project("{8BC9CEB8-8B4A-11D0-8D11-00A0C91BC942}") = "ALL_BUILD", "ALL_BUILD.vcxproj", "{012E8DAD-0639-3996-8F27-83483B43789A}"
	ProjectSection(ProjectDependencies) = postProject
		{5F721DCF-E9D4-3FEB-8AF3-2EBD06EB9346} = {5F721DCF-E9D4-3FEB-8AF3-2EBD06EB9346}
		{4D83F2D5-7CD2-3748-85B3-0C53FCB558EE} = {4D83F2D5-7CD2-3748-85B3-0C53FCB558EE}
		{4093F993-75E2-3F04-9ED7-0C462FCA8C9F} = {4093F993-75E2-3F04-9ED7-0C462FCA8C9F}
		{49C7C546-8AEB-3A8B-94B5-9A97F9678709} = {49C7C546-8AEB-3A8B-94B5-9A97F9678709}
		{3CB65126-4840-32AA-BBFF-6B416E2BFC35} = {3CB65126-4840-32AA-BBFF-6B416E2BFC35}
		{DB3E7E34-B003-38A1-8987-9EAC6EE7352F} = {DB3E7E34-B003-38A1-8987-9EAC6EE7352F}
		{0030FBB1-00B2-32FB-A4D2-47F6C1E605EF} = {0030FBB1-00B2-32FB-A4D2-47F6C1E605EF}
		{9A942B52-4BA8-38B1-9490-DCE69C640CF8} = {9A942B52-4BA8-38B1-9490-DCE69C640CF8}
		{0F297973-AC1F-34CE-861E-72FF948C3A24} = {0F297973-AC1F-34CE-861E-72FF948C3A24}
		{B6F0F69B-44B7-3339-B44E-0558014779AC} = {B6F0F69B-44B7-3339-B44E-0558014779AC}
		{214220FA-08C9-3A15-848C-8DCB1AA212A3} = {214220FA-08C9-3A15-848C-8DCB1AA212A3}
		{777A0D26-79D3-3C52-8EDB-9A1EBE0534FA} = {777A0D26-79D3-3C52-8EDB-9A1EBE0534FA}
		{55818689-12CA-383B-88D6-0C10AD6D56D6} = {55818689-12CA-383B-88D6-0C10AD6D56D6}
		{820D3B17-71B1-358D-8450-7EDE6F8CD019} = {820D3B17-71B1-358D-8450-7EDE6F8CD019}
		{A8BE1B86-439E-318E-AE7F-1C8672BD1C35} = {A8BE1B86-439E-318E-AE7F-1C8672BD1C35}
		{14809892-9323-3B19-A6CE-CBA4206353A1} = {14809892-9323-3B19-A6CE-CBA4206353A1}
		{3C4F345B-D0D2-333B-AF5F-075CBEAFB86A} = {3C4F345B-D0D2-333B-AF5F-075CBEAFB86A}
	EndProjectSection
EndProject
Project("{8BC9CEB8-8B4A-11D0-8D11-00A0C91BC942}") = "GLog", "test\GLog.vcxproj", "{5F721DCF-E9D4-3FEB-8AF3-2EBD06EB9346}"
	ProjectSection(ProjectDependencies) = postProject
		{4093F993-75E2-3F04-9ED7-0C462FCA8C9F} = {4093F993-75E2-3F04-9ED7-0C462FCA8C9F}
	EndProjectSection
EndProject
Project("{8BC9CEB8-8B4A-11D0-8D11-00A0C91BC942}") = "GTest", "test\GTest.vcxproj", "{4D83F2D5-7CD2-3748-85B3-0C53FCB558EE}"
	ProjectSection(ProjectDependencies) = postProject
		{4093F993-75E2-3F04-9ED7-0C462FCA8C9F} = {4093F993-75E2-3F04-9ED7-0C462FCA8C9F}
	EndProjectSection
EndProject
Project("{8BC9CEB8-8B4A-11D0-8D11-00A0C91BC942}") = "INSTALL", "INSTALL.vcxproj", "{114DC191-651A-3789-98E9-C40A03751C7C}"
	ProjectSection(ProjectDependencies) = postProject
		{012E8DAD-0639-3996-8F27-83483B43789A} = {012E8DAD-0639-3996-8F27-83483B43789A}
		{4093F993-75E2-3F04-9ED7-0C462FCA8C9F} = {4093F993-75E2-3F04-9ED7-0C462FCA8C9F}
	EndProjectSection
EndProject
Project("{8BC9CEB8-8B4A-11D0-8D11-00A0C91BC942}") = "PACKAGE", "PACKAGE.vcxproj", "{1737D7F7-2AFA-3604-B191-80D695A3738E}"
	ProjectSection(ProjectDependencies) = postProject
		{012E8DAD-0639-3996-8F27-83483B43789A} = {012E8DAD-0639-3996-8F27-83483B43789A}
		{4093F993-75E2-3F04-9ED7-0C462FCA8C9F} = {4093F993-75E2-3F04-9ED7-0C462FCA8C9F}
	EndProjectSection
EndProject
Project("{8BC9CEB8-8B4A-11D0-8D11-00A0C91BC942}") = "RUN_TESTS", "RUN_TESTS.vcxproj", "{11151E07-77B8-310F-B772-9B276411F99D}"
	ProjectSection(ProjectDependencies) = postProject
		{4093F993-75E2-3F04-9ED7-0C462FCA8C9F} = {4093F993-75E2-3F04-9ED7-0C462FCA8C9F}
	EndProjectSection
EndProject
Project("{8BC9CEB8-8B4A-11D0-8D11-00A0C91BC942}") = "ZERO_CHECK", "ZERO_CHECK.vcxproj", "{4093F993-75E2-3F04-9ED7-0C462FCA8C9F}"
	ProjectSection(ProjectDependencies) = postProject
	EndProjectSection
EndProject
Project("{8BC9CEB8-8B4A-11D0-8D11-00A0C91BC942}") = "_force_python_protos", "test\proto\_force_python_protos.vcxproj", "{49C7C546-8AEB-3A8B-94B5-9A97F9678709}"
	ProjectSection(ProjectDependencies) = postProject
		{4093F993-75E2-3F04-9ED7-0C462FCA8C9F} = {4093F993-75E2-3F04-9ED7-0C462FCA8C9F}
	EndProjectSection
EndProject
Project("{8BC9CEB8-8B4A-11D0-8D11-00A0C91BC942}") = "application_test", "test\application_test.vcxproj", "{3CB65126-4840-32AA-BBFF-6B416E2BFC35}"
	ProjectSection(ProjectDependencies) = postProject
		{4093F993-75E2-3F04-9ED7-0C462FCA8C9F} = {4093F993-75E2-3F04-9ED7-0C462FCA8C9F}
		{820D3B17-71B1-358D-8450-7EDE6F8CD019} = {820D3B17-71B1-358D-8450-7EDE6F8CD019}
		{A8BE1B86-439E-318E-AE7F-1C8672BD1C35} = {A8BE1B86-439E-318E-AE7F-1C8672BD1C35}
		{14809892-9323-3B19-A6CE-CBA4206353A1} = {14809892-9323-3B19-A6CE-CBA4206353A1}
	EndProjectSection
EndProject
Project("{8BC9CEB8-8B4A-11D0-8D11-00A0C91BC942}") = "callback_test", "test\callback_test.vcxproj", "{DB3E7E34-B003-38A1-8987-9EAC6EE7352F}"
	ProjectSection(ProjectDependencies) = postProject
		{4093F993-75E2-3F04-9ED7-0C462FCA8C9F} = {4093F993-75E2-3F04-9ED7-0C462FCA8C9F}
		{820D3B17-71B1-358D-8450-7EDE6F8CD019} = {820D3B17-71B1-358D-8450-7EDE6F8CD019}
		{A8BE1B86-439E-318E-AE7F-1C8672BD1C35} = {A8BE1B86-439E-318E-AE7F-1C8672BD1C35}
	EndProjectSection
EndProject
Project("{8BC9CEB8-8B4A-11D0-8D11-00A0C91BC942}") = "client_server_test", "test\client_server_test.vcxproj", "{0030FBB1-00B2-32FB-A4D2-47F6C1E605EF}"
	ProjectSection(ProjectDependencies) = postProject
		{4093F993-75E2-3F04-9ED7-0C462FCA8C9F} = {4093F993-75E2-3F04-9ED7-0C462FCA8C9F}
		{820D3B17-71B1-358D-8450-7EDE6F8CD019} = {820D3B17-71B1-358D-8450-7EDE6F8CD019}
		{A8BE1B86-439E-318E-AE7F-1C8672BD1C35} = {A8BE1B86-439E-318E-AE7F-1C8672BD1C35}
		{14809892-9323-3B19-A6CE-CBA4206353A1} = {14809892-9323-3B19-A6CE-CBA4206353A1}
	EndProjectSection
EndProject
Project("{8BC9CEB8-8B4A-11D0-8D11-00A0C91BC942}") = "connection_manager_test", "test\connection_manager_test.vcxproj", "{9A942B52-4BA8-38B1-9490-DCE69C640CF8}"
	ProjectSection(ProjectDependencies) = postProject
		{4093F993-75E2-3F04-9ED7-0C462FCA8C9F} = {4093F993-75E2-3F04-9ED7-0C462FCA8C9F}
		{820D3B17-71B1-358D-8450-7EDE6F8CD019} = {820D3B17-71B1-358D-8450-7EDE6F8CD019}
		{A8BE1B86-439E-318E-AE7F-1C8672BD1C35} = {A8BE1B86-439E-318E-AE7F-1C8672BD1C35}
	EndProjectSection
EndProject
Project("{8BC9CEB8-8B4A-11D0-8D11-00A0C91BC942}") = "example_client", "examples\cpp\example_client.vcxproj", "{0F297973-AC1F-34CE-861E-72FF948C3A24}"
	ProjectSection(ProjectDependencies) = postProject
		{4093F993-75E2-3F04-9ED7-0C462FCA8C9F} = {4093F993-75E2-3F04-9ED7-0C462FCA8C9F}
		{B6F0F69B-44B7-3339-B44E-0558014779AC} = {B6F0F69B-44B7-3339-B44E-0558014779AC}
		{820D3B17-71B1-358D-8450-7EDE6F8CD019} = {820D3B17-71B1-358D-8450-7EDE6F8CD019}
	EndProjectSection
EndProject
Project("{8BC9CEB8-8B4A-11D0-8D11-00A0C91BC942}") = "example_pb", "examples\cpp\example_pb.vcxproj", "{B6F0F69B-44B7-3339-B44E-0558014779AC}"
	ProjectSection(ProjectDependencies) = postProject
		{4093F993-75E2-3F04-9ED7-0C462FCA8C9F} = {4093F993-75E2-3F04-9ED7-0C462FCA8C9F}
	EndProjectSection
EndProject
Project("{8BC9CEB8-8B4A-11D0-8D11-00A0C91BC942}") = "example_server", "examples\cpp\example_server.vcxproj", "{214220FA-08C9-3A15-848C-8DCB1AA212A3}"
	ProjectSection(ProjectDependencies) = postProject
		{4093F993-75E2-3F04-9ED7-0C462FCA8C9F} = {4093F993-75E2-3F04-9ED7-0C462FCA8C9F}
		{B6F0F69B-44B7-3339-B44E-0558014779AC} = {B6F0F69B-44B7-3339-B44E-0558014779AC}
		{820D3B17-71B1-358D-8450-7EDE6F8CD019} = {820D3B17-71B1-358D-8450-7EDE6F8CD019}
	EndProjectSection
EndProject
Project("{8BC9CEB8-8B4A-11D0-8D11-00A0C91BC942}") = "protoc-gen-cpp_rpcz", "src\rpcz\plugin\cpp\protoc-gen-cpp_rpcz.vcxproj", "{777A0D26-79D3-3C52-8EDB-9A1EBE0534FA}"
	ProjectSection(ProjectDependencies) = postProject
		{4093F993-75E2-3F04-9ED7-0C462FCA8C9F} = {4093F993-75E2-3F04-9ED7-0C462FCA8C9F}
	EndProjectSection
EndProject
Project("{8BC9CEB8-8B4A-11D0-8D11-00A0C91BC942}") = "protoc-gen-python_rpcz", "src\rpcz\plugin\python\protoc-gen-python_rpcz.vcxproj", "{55818689-12CA-383B-88D6-0C10AD6D56D6}"
	ProjectSection(ProjectDependencies) = postProject
		{4093F993-75E2-3F04-9ED7-0C462FCA8C9F} = {4093F993-75E2-3F04-9ED7-0C462FCA8C9F}
	EndProjectSection
EndProject
Project("{8BC9CEB8-8B4A-11D0-8D11-00A0C91BC942}") = "rpcz", "src\rpcz\rpcz.vcxproj", "{820D3B17-71B1-358D-8450-7EDE6F8CD019}"
	ProjectSection(ProjectDependencies) = postProject
		{4093F993-75E2-3F04-9ED7-0C462FCA8C9F} = {4093F993-75E2-3F04-9ED7-0C462FCA8C9F}
	EndProjectSection
EndProject
Project("{8BC9CEB8-8B4A-11D0-8D11-00A0C91BC942}") = "rpcz_gtest_main", "test\rpcz_gtest_main.vcxproj", "{A8BE1B86-439E-318E-AE7F-1C8672BD1C35}"
	ProjectSection(ProjectDependencies) = postProject
		{4093F993-75E2-3F04-9ED7-0C462FCA8C9F} = {4093F993-75E2-3F04-9ED7-0C462FCA8C9F}
	EndProjectSection
EndProject
Project("{8BC9CEB8-8B4A-11D0-8D11-00A0C91BC942}") = "search_pb", "test\proto\search_pb.vcxproj", "{14809892-9323-3B19-A6CE-CBA4206353A1}"
	ProjectSection(ProjectDependencies) = postProject
		{4093F993-75E2-3F04-9ED7-0C462FCA8C9F} = {4093F993-75E2-3F04-9ED7-0C462FCA8C9F}
	EndProjectSection
EndProject
Project("{8BC9CEB8-8B4A-11D0-8D11-00A0C91BC942}") = "zsendrpc", "src\rpcz\zsendrpc.vcxproj", "{3C4F345B-D0D2-333B-AF5F-075CBEAFB86A}"
	ProjectSection(ProjectDependencies) = postProject
		{4093F993-75E2-3F04-9ED7-0C462FCA8C9F} = {4093F993-75E2-3F04-9ED7-0C462FCA8C9F}
		{820D3B17-71B1-358D-8450-7EDE6F8CD019} = {820D3B17-71B1-358D-8450-7EDE6F8CD019}
	EndProjectSection
EndProject
Global
	GlobalSection(SolutionConfigurationPlatforms) = preSolution
		Debug|Win32 = Debug|Win32
		Release|Win32 = Release|Win32
	EndGlobalSection
	GlobalSection(ProjectConfigurationPlatforms) = postSolution
		{012E8DAD-0639-3996-8F27-83483B43789A}.Debug|Win32.ActiveCfg = Debug|Win32
		{012E8DAD-0639-3996-8F27-83483B43789A}.Debug|Win32.Build.0 = Debug|Win32
		{012E8DAD-0639-3996-8F27-83483B43789A}.Release|Win32.ActiveCfg = Release|Win32
		{012E8DAD-0639-3996-8F27-83483B43789A}.Release|Win32.Build.0 = Release|Win32
		{5F721DCF-E9D4-3FEB-8AF3-2EBD06EB9346}.Debug|Win32.ActiveCfg = Debug|Win32
		{5F721DCF-E9D4-3FEB-8AF3-2EBD06EB9346}.Debug|Win32.Build.0 = Debug|Win32
		{5F721DCF-E9D4-3FEB-8AF3-2EBD06EB9346}.Release|Win32.ActiveCfg = Release|Win32
		{5F721DCF-E9D4-3FEB-8AF3-2EBD06EB9346}.Release|Win32.Build.0 = Release|Win32
		{4D83F2D5-7CD2-3748-85B3-0C53FCB558EE}.Debug|Win32.ActiveCfg = Debug|Win32
		{4D83F2D5-7CD2-3748-85B3-0C53FCB558EE}.Debug|Win32.Build.0 = Debug|Win32
		{4D83F2D5-7CD2-3748-85B3-0C53FCB558EE}.Release|Win32.ActiveCfg = Release|Win32
		{4D83F2D5-7CD2-3748-85B3-0C53FCB558EE}.Release|Win32.Build.0 = Release|Win32
		{114DC191-651A-3789-98E9-C40A03751C7C}.Debug|Win32.ActiveCfg = Debug|Win32
		{114DC191-651A-3789-98E9-C40A03751C7C}.Release|Win32.ActiveCfg = Release|Win32
		{1737D7F7-2AFA-3604-B191-80D695A3738E}.Debug|Win32.ActiveCfg = Debug|Win32
		{1737D7F7-2AFA-3604-B191-80D695A3738E}.Release|Win32.ActiveCfg = Release|Win32
		{11151E07-77B8-310F-B772-9B276411F99D}.Debug|Win32.ActiveCfg = Debug|Win32
		{11151E07-77B8-310F-B772-9B276411F99D}.Release|Win32.ActiveCfg = Release|Win32
		{4093F993-75E2-3F04-9ED7-0C462FCA8C9F}.Debug|Win32.ActiveCfg = Debug|Win32
		{4093F993-75E2-3F04-9ED7-0C462FCA8C9F}.Debug|Win32.Build.0 = Debug|Win32
		{4093F993-75E2-3F04-9ED7-0C462FCA8C9F}.Release|Win32.ActiveCfg = Release|Win32
		{4093F993-75E2-3F04-9ED7-0C462FCA8C9F}.Release|Win32.Build.0 = Release|Win32
		{49C7C546-8AEB-3A8B-94B5-9A97F9678709}.Debug|Win32.ActiveCfg = Debug|Win32
		{49C7C546-8AEB-3A8B-94B5-9A97F9678709}.Debug|Win32.Build.0 = Debug|Win32
		{49C7C546-8AEB-3A8B-94B5-9A97F9678709}.Release|Win32.ActiveCfg = Release|Win32
		{49C7C546-8AEB-3A8B-94B5-9A97F9678709}.Release|Win32.Build.0 = Release|Win32
		{3CB65126-4840-32AA-BBFF-6B416E2BFC35}.Debug|Win32.ActiveCfg = Debug|Win32
		{3CB65126-4840-32AA-BBFF-6B416E2BFC35}.Debug|Win32.Build.0 = Debug|Win32
		{3CB65126-4840-32AA-BBFF-6B416E2BFC35}.Release|Win32.ActiveCfg = Release|Win32
		{3CB65126-4840-32AA-BBFF-6B416E2BFC35}.Release|Win32.Build.0 = Release|Win32
		{DB3E7E34-B003-38A1-8987-9EAC6EE7352F}.Debug|Win32.ActiveCfg = Debug|Win32
		{DB3E7E34-B003-38A1-8987-9EAC6EE7352F}.Debug|Win32.Build.0 = Debug|Win32
		{DB3E7E34-B003-38A1-8987-9EAC6EE7352F}.Release|Win32.ActiveCfg = Release|Win32
		{DB3E7E34-B003-38A1-8987-9EAC6EE7352F}.Release|Win32.Build.0 = Release|Win32
		{0030FBB1-00B2-32FB-A4D2-47F6C1E605EF}.Debug|Win32.ActiveCfg = Debug|Win32
		{0030FBB1-00B2-32FB-A4D2-47F6C1E605EF}.Debug|Win32.Build.0 = Debug|Win32
		{0030FBB1-00B2-32FB-A4D2-47F6C1E605EF}.Release|Win32.ActiveCfg = Release|Win32
		{0030FBB1-00B2-32FB-A4D2-47F6C1E605EF}.Release|Win32.Build.0 = Release|Win32
		{9A942B52-4BA8-38B1-9490-DCE69C640CF8}.Debug|Win32.ActiveCfg = Debug|Win32
		{9A942B52-4BA8-38B1-9490-DCE69C640CF8}.Debug|Win32.Build.0 = Debug|Win32
		{9A942B52-4BA8-38B1-9490-DCE69C640CF8}.Release|Win32.ActiveCfg = Release|Win32
		{9A942B52-4BA8-38B1-9490-DCE69C640CF8}.Release|Win32.Build.0 = Release|Win32
		{0F297973-AC1F-34CE-861E-72FF948C3A24}.Debug|Win32.ActiveCfg = Debug|Win32
		{0F297973-AC1F-34CE-861E-72FF948C3A24}.Debug|Win32.Build.0 = Debug|Win32
		{0F297973-AC1F-34CE-861E-72FF948C3A24}.Release|Win32.ActiveCfg = Release|Win32
		{0F297973-AC1F-34CE-861E-72FF948C3A24}.Release|Win32.Build.0 = Release|Win32
		{B6F0F69B-44B7-3339-B44E-0558014779AC}.Debug|Win32.ActiveCfg = Debug|Win32
		{B6F0F69B-44B7-3339-B44E-0558014779AC}.Debug|Win32.Build.0 = Debug|Win32
		{B6F0F69B-44B7-3339-B44E-0558014779AC}.Release|Win32.ActiveCfg = Release|Win32
		{B6F0F69B-44B7-3339-B44E-0558014779AC}.Release|Win32.Build.0 = Release|Win32
		{214220FA-08C9-3A15-848C-8DCB1AA212A3}.Debug|Win32.ActiveCfg = Debug|Win32
		{214220FA-08C9-3A15-848C-8DCB1AA212A3}.Debug|Win32.Build.0 = Debug|Win32
		{214220FA-08C9-3A15-848C-8DCB1AA212A3}.Release|Win32.ActiveCfg = Release|Win32
		{214220FA-08C9-3A15-848C-8DCB1AA212A3}.Release|Win32.Build.0 = Release|Win32
		{777A0D26-79D3-3C52-8EDB-9A1EBE0534FA}.Debug|Win32.ActiveCfg = Debug|Win32
		{777A0D26-79D3-3C52-8EDB-9A1EBE0534FA}.Debug|Win32.Build.0 = Debug|Win32
		{777A0D26-79D3-3C52-8EDB-9A1EBE0534FA}.Release|Win32.ActiveCfg = Release|Win32
		{777A0D26-79D3-3C52-8EDB-9A1EBE0534FA}.Release|Win32.Build.0 = Release|Win32
		{55818689-12CA-383B-88D6-0C10AD6D56D6}.Debug|Win32.ActiveCfg = Debug|Win32
		{55818689-12CA-383B-88D6-0C10AD6D56D6}.Debug|Win32.Build.0 = Debug|Win32
		{55818689-12CA-383B-88D6-0C10AD6D56D6}.Release|Win32.ActiveCfg = Release|Win32
		{55818689-12CA-383B-88D6-0C10AD6D56D6}.Release|Win32.Build.0 = Release|Win32
		{820D3B17-71B1-358D-8450-7EDE6F8CD019}.Debug|Win32.ActiveCfg = Debug|Win32
		{820D3B17-71B1-358D-8450-7EDE6F8CD019}.Debug|Win32.Build.0 = Debug|Win32
		{820D3B17-71B1-358D-8450-7EDE6F8CD019}.Release|Win32.ActiveCfg = Release|Win32
		{820D3B17-71B1-358D-8450-7EDE6F8CD019}.Release|Win32.Build.0 = Release|Win32
		{A8BE1B86-439E-318E-AE7F-1C8672BD1C35}.Debug|Win32.ActiveCfg = Debug|Win32
		{A8BE1B86-439E-318E-AE7F-1C8672BD1C35}.Debug|Win32.Build.0 = Debug|Win32
		{A8BE1B86-439E-318E-AE7F-1C8672BD1C35}.Release|Win32.ActiveCfg = Release|Win32
		{A8BE1B86-439E-318E-AE7F-1C8672BD1C35}.Release|Win32.Build.0 = Release|Win32
		{14809892-9323-3B19-A6CE-CBA4206353A1}.Debug|Win32.ActiveCfg = Debug|Win32
		{14809892-9323-3B19-A6CE-CBA4206353A1}.Debug|Win32.Build.0 = Debug|Win32
		{14809892-9323-3B19-A6CE-CBA4206353A1}.Release|Win32.ActiveCfg = Release|Win32
		{14809892-9323-3B19-A6CE-CBA4206353A1}.Release|Win32.Build.0 = Release|Win32
		{3C4F345B-D0D2-333B-AF5F-075CBEAFB86A}.Debug|Win32.ActiveCfg = Debug|Win32
		{3C4F345B-D0D2-333B-AF5F-075CBEAFB86A}.Debug|Win32.Build.0 = Debug|Win32
		{3C4F345B-D0D2-333B-AF5F-075CBEAFB86A}.Release|Win32.ActiveCfg = Release|Win32
		{3C4F345B-D0D2-333B-AF5F-075CBEAFB86A}.Release|Win32.Build.0 = Release|Win32
	EndGlobalSection
	GlobalSection(ExtensibilityGlobals) = postSolution
	EndGlobalSection
	GlobalSection(ExtensibilityAddIns) = postSolution
	EndGlobalSection
EndGlobal
